// !$*UTF8*$!
{
	archiveVersion = 1;
	classes = {
	};
	objectVersion = 56;
	objects = {

/* Begin PBXBuildFile section */
		FAF0F02F2BD8ECDB007477D1 /* sample_swiftUIApp.swift in Sources */ = {isa = PBXBuildFile; fileRef = FAF0F02E2BD8ECDB007477D1 /* sample_swiftUIApp.swift */; };
		FAF0F0312BD8ECDB007477D1 /* ContentView.swift in Sources */ = {isa = PBXBuildFile; fileRef = FAF0F0302BD8ECDB007477D1 /* ContentView.swift */; };
		FAF0F0332BD8ECDD007477D1 /* Assets.xcassets in Resources */ = {isa = PBXBuildFile; fileRef = FAF0F0322BD8ECDD007477D1 /* Assets.xcassets */; };
		FAF0F0362BD8ECDD007477D1 /* Preview Assets.xcassets in Resources */ = {isa = PBXBuildFile; fileRef = FAF0F0352BD8ECDD007477D1 /* Preview Assets.xcassets */; };
		FAF0F0402BD8ECDD007477D1 /* sample_swiftUITests.swift in Sources */ = {isa = PBXBuildFile; fileRef = FAF0F03F2BD8ECDD007477D1 /* sample_swiftUITests.swift */; };
		FAF0F04A2BD8ECDD007477D1 /* sample_swiftUIUITests.swift in Sources */ = {isa = PBXBuildFile; fileRef = FAF0F0492BD8ECDD007477D1 /* sample_swiftUIUITests.swift */; };
		FAF0F04C2BD8ECDD007477D1 /* sample_swiftUIUITestsLaunchTests.swift in Sources */ = {isa = PBXBuildFile; fileRef = FAF0F04B2BD8ECDD007477D1 /* sample_swiftUIUITestsLaunchTests.swift */; };
/* End PBXBuildFile section */

/* Begin PBXContainerItemProxy section */
		FAF0F03C2BD8ECDD007477D1 /* PBXContainerItemProxy */ = {
			isa = PBXContainerItemProxy;
			containerPortal = FAF0F0232BD8ECDB007477D1 /* Project object */;
			proxyType = 1;
			remoteGlobalIDString = FAF0F02A2BD8ECDB007477D1;
			remoteInfo = sample_swiftUI;
		};
		FAF0F0462BD8ECDD007477D1 /* PBXContainerItemProxy */ = {
			isa = PBXContainerItemProxy;
			containerPortal = FAF0F0232BD8ECDB007477D1 /* Project object */;
			proxyType = 1;
			remoteGlobalIDString = FAF0F02A2BD8ECDB007477D1;
			remoteInfo = sample_swiftUI;
		};
/* End PBXContainerItemProxy section */

/* Begin PBXFileReference section */
		FAF0F02B2BD8ECDB007477D1 /* sample_swiftUI.app */ = {isa = PBXFileReference; explicitFileType = wrapper.application; includeInIndex = 0; path = sample_swiftUI.app; sourceTree = BUILT_PRODUCTS_DIR; };
		FAF0F02E2BD8ECDB007477D1 /* sample_swiftUIApp.swift */ = {isa = PBXFileReference; lastKnownFileType = sourcecode.swift; path = sample_swiftUIApp.swift; sourceTree = "<group>"; };
		FAF0F0302BD8ECDB007477D1 /* ContentView.swift */ = {isa = PBXFileReference; lastKnownFileType = sourcecode.swift; path = ContentView.swift; sourceTree = "<group>"; };
		FAF0F0322BD8ECDD007477D1 /* Assets.xcassets */ = {isa = PBXFileReference; lastKnownFileType = folder.assetcatalog; path = Assets.xcassets; sourceTree = "<group>"; };
		FAF0F0352BD8ECDD007477D1 /* Preview Assets.xcassets */ = {isa = PBXFileReference; lastKnownFileType = folder.assetcatalog; path = "Preview Assets.xcassets"; sourceTree = "<group>"; };
		FAF0F03B2BD8ECDD007477D1 /* sample_swiftUITests.xctest */ = {isa = PBXFileReference; explicitFileType = wrapper.cfbundle; includeInIndex = 0; path = sample_swiftUITests.xctest; sourceTree = BUILT_PRODUCTS_DIR; };
		FAF0F03F2BD8ECDD007477D1 /* sample_swiftUITests.swift */ = {isa = PBXFileReference; lastKnownFileType = sourcecode.swift; path = sample_swiftUITests.swift; sourceTree = "<group>"; };
		FAF0F0452BD8ECDD007477D1 /* sample_swiftUIUITests.xctest */ = {isa = PBXFileReference; explicitFileType = wrapper.cfbundle; includeInIndex = 0; path = sample_swiftUIUITests.xctest; sourceTree = BUILT_PRODUCTS_DIR; };
		FAF0F0492BD8ECDD007477D1 /* sample_swiftUIUITests.swift */ = {isa = PBXFileReference; lastKnownFileType = sourcecode.swift; path = sample_swiftUIUITests.swift; sourceTree = "<group>"; };
		FAF0F04B2BD8ECDD007477D1 /* sample_swiftUIUITestsLaunchTests.swift */ = {isa = PBXFileReference; lastKnownFileType = sourcecode.swift; path = sample_swiftUIUITestsLaunchTests.swift; sourceTree = "<group>"; };
/* End PBXFileReference section */

/* Begin PBXFrameworksBuildPhase section */
		FAF0F0282BD8ECDB007477D1 /* Frameworks */ = {
			isa = PBXFrameworksBuildPhase;
			buildActionMask = 2147483647;
			files = (
			);
			runOnlyForDeploymentPostprocessing = 0;
		};
		FAF0F0382BD8ECDD007477D1 /* Frameworks */ = {
			isa = PBXFrameworksBuildPhase;
			buildActionMask = 2147483647;
			files = (
			);
			runOnlyForDeploymentPostprocessing = 0;
		};
		FAF0F0422BD8ECDD007477D1 /* Frameworks */ = {
			isa = PBXFrameworksBuildPhase;
			buildActionMask = 2147483647;
			files = (
			);
			runOnlyForDeploymentPostprocessing = 0;
		};
/* End PBXFrameworksBuildPhase section */

/* Begin PBXGroup section */
		FAF0F0222BD8ECDB007477D1 = {
			isa = PBXGroup;
			children = (
				FAF0F02D2BD8ECDB007477D1 /* sample_swiftUI */,
				FAF0F03E2BD8ECDD007477D1 /* sample_swiftUITests */,
				FAF0F0482BD8ECDD007477D1 /* sample_swiftUIUITests */,
				FAF0F02C2BD8ECDB007477D1 /* Products */,
			);
			sourceTree = "<group>";
		};
		FAF0F02C2BD8ECDB007477D1 /* Products */ = {
			isa = PBXGroup;
			children = (
				FAF0F02B2BD8ECDB007477D1 /* sample_swiftUI.app */,
				FAF0F03B2BD8ECDD007477D1 /* sample_swiftUITests.xctest */,
				FAF0F0452BD8ECDD007477D1 /* sample_swiftUIUITests.xctest */,
			);
			name = Products;
			sourceTree = "<group>";
		};
		FAF0F02D2BD8ECDB007477D1 /* sample_swiftUI */ = {
			isa = PBXGroup;
			children = (
				FAF0F02E2BD8ECDB007477D1 /* sample_swiftUIApp.swift */,
				FAF0F0302BD8ECDB007477D1 /* ContentView.swift */,
				FAF0F0322BD8ECDD007477D1 /* Assets.xcassets */,
				FAF0F0342BD8ECDD007477D1 /* Preview Content */,
			);
			path = sample_swiftUI;
			sourceTree = "<group>";
		};
		FAF0F0342BD8ECDD007477D1 /* Preview Content */ = {
			isa = PBXGroup;
			children = (
				FAF0F0352BD8ECDD007477D1 /* Preview Assets.xcassets */,
			);
			path = "Preview Content";
			sourceTree = "<group>";
		};
		FAF0F03E2BD8ECDD007477D1 /* sample_swiftUITests */ = {
			isa = PBXGroup;
			children = (
				FAF0F03F2BD8ECDD007477D1 /* sample_swiftUITests.swift */,
			);
			path = sample_swiftUITests;
			sourceTree = "<group>";
		};
		FAF0F0482BD8ECDD007477D1 /* sample_swiftUIUITests */ = {
			isa = PBXGroup;
			children = (
				FAF0F0492BD8ECDD007477D1 /* sample_swiftUIUITests.swift */,
				FAF0F04B2BD8ECDD007477D1 /* sample_swiftUIUITestsLaunchTests.swift */,
			);
			path = sample_swiftUIUITests;
			sourceTree = "<group>";
		};
/* End PBXGroup section */

/* Begin PBXNativeTarget section */
		FAF0F02A2BD8ECDB007477D1 /* sample_swiftUI */ = {
			isa = PBXNativeTarget;
			buildConfigurationList = FAF0F04F2BD8ECDD007477D1 /* Build configuration list for PBXNativeTarget "sample_swiftUI" */;
			buildPhases = (
				FAF0F0272BD8ECDB007477D1 /* Sources */,
				FAF0F0282BD8ECDB007477D1 /* Frameworks */,
				FAF0F0292BD8ECDB007477D1 /* Resources */,
			);
			buildRules = (
			);
			dependencies = (
			);
			name = sample_swiftUI;
			productName = sample_swiftUI;
			productReference = FAF0F02B2BD8ECDB007477D1 /* sample_swiftUI.app */;
			productType = "com.apple.product-type.application";
		};
		FAF0F03A2BD8ECDD007477D1 /* sample_swiftUITests */ = {
			isa = PBXNativeTarget;
			buildConfigurationList = FAF0F0522BD8ECDD007477D1 /* Build configuration list for PBXNativeTarget "sample_swiftUITests" */;
			buildPhases = (
				FAF0F0372BD8ECDD007477D1 /* Sources */,
				FAF0F0382BD8ECDD007477D1 /* Frameworks */,
				FAF0F0392BD8ECDD007477D1 /* Resources */,
			);
			buildRules = (
			);
			dependencies = (
				FAF0F03D2BD8ECDD007477D1 /* PBXTargetDependency */,
			);
			name = sample_swiftUITests;
			productName = sample_swiftUITests;
			productReference = FAF0F03B2BD8ECDD007477D1 /* sample_swiftUITests.xctest */;
			productType = "com.apple.product-type.bundle.unit-test";
		};
		FAF0F0442BD8ECDD007477D1 /* sample_swiftUIUITests */ = {
			isa = PBXNativeTarget;
			buildConfigurationList = FAF0F0552BD8ECDD007477D1 /* Build configuration list for PBXNativeTarget "sample_swiftUIUITests" */;
			buildPhases = (
				FAF0F0412BD8ECDD007477D1 /* Sources */,
				FAF0F0422BD8ECDD007477D1 /* Frameworks */,
				FAF0F0432BD8ECDD007477D1 /* Resources */,
			);
			buildRules = (
			);
			dependencies = (
				FAF0F0472BD8ECDD007477D1 /* PBXTargetDependency */,
			);
			name = sample_swiftUIUITests;
			productName = sample_swiftUIUITests;
			productReference = FAF0F0452BD8ECDD007477D1 /* sample_swiftUIUITests.xctest */;
			productType = "com.apple.product-type.bundle.ui-testing";
		};
/* End PBXNativeTarget section */

/* Begin PBXProject section */
		FAF0F0232BD8ECDB007477D1 /* Project object */ = {
			isa = PBXProject;
			attributes = {
				BuildIndependentTargetsInParallel = 1;
				LastSwiftUpdateCheck = 1500;
				LastUpgradeCheck = 1500;
				TargetAttributes = {
					FAF0F02A2BD8ECDB007477D1 = {
						CreatedOnToolsVersion = 15.0;
					};
					FAF0F03A2BD8ECDD007477D1 = {
						CreatedOnToolsVersion = 15.0;
						TestTargetID = FAF0F02A2BD8ECDB007477D1;
					};
					FAF0F0442BD8ECDD007477D1 = {
						CreatedOnToolsVersion = 15.0;
						TestTargetID = FAF0F02A2BD8ECDB007477D1;
					};
				};
			};
			buildConfigurationList = FAF0F0262BD8ECDB007477D1 /* Build configuration list for PBXProject "sample_swiftUI" */;
			compatibilityVersion = "Xcode 14.0";
			developmentRegion = en;
			hasScannedForEncodings = 0;
			knownRegions = (
				en,
				Base,
			);
			mainGroup = FAF0F0222BD8ECDB007477D1;
			productRefGroup = FAF0F02C2BD8ECDB007477D1 /* Products */;
			projectDirPath = "";
			projectRoot = "";
			targets = (
				FAF0F02A2BD8ECDB007477D1 /* sample_swiftUI */,
				FAF0F03A2BD8ECDD007477D1 /* sample_swiftUITests */,
				FAF0F0442BD8ECDD007477D1 /* sample_swiftUIUITests */,
			);
		};
/* End PBXProject section */

/* Begin PBXResourcesBuildPhase section */
		FAF0F0292BD8ECDB007477D1 /* Resources */ = {
			isa = PBXResourcesBuildPhase;
			buildActionMask = 2147483647;
			files = (
				FAF0F0362BD8ECDD007477D1 /* Preview Assets.xcassets in Resources */,
				FAF0F0332BD8ECDD007477D1 /* Assets.xcassets in Resources */,
			);
			runOnlyForDeploymentPostprocessing = 0;
		};
		FAF0F0392BD8ECDD007477D1 /* Resources */ = {
			isa = PBXResourcesBuildPhase;
			buildActionMask = 2147483647;
			files = (
			);
			runOnlyForDeploymentPostprocessing = 0;
		};
		FAF0F0432BD8ECDD007477D1 /* Resources */ = {
			isa = PBXResourcesBuildPhase;
			buildActionMask = 2147483647;
			files = (
			);
			runOnlyForDeploymentPostprocessing = 0;
		};
/* End PBXResourcesBuildPhase section */

/* Begin PBXSourcesBuildPhase section */
		FAF0F0272BD8ECDB007477D1 /* Sources */ = {
			isa = PBXSourcesBuildPhase;
			buildActionMask = 2147483647;
			files = (
				FAF0F0312BD8ECDB007477D1 /* ContentView.swift in Sources */,
				FAF0F02F2BD8ECDB007477D1 /* sample_swiftUIApp.swift in Sources */,
			);
			runOnlyForDeploymentPostprocessing = 0;
		};
		FAF0F0372BD8ECDD007477D1 /* Sources */ = {
			isa = PBXSourcesBuildPhase;
			buildActionMask = 2147483647;
			files = (
				FAF0F0402BD8ECDD007477D1 /* sample_swiftUITests.swift in Sources */,
			);
			runOnlyForDeploymentPostprocessing = 0;
		};
		FAF0F0412BD8ECDD007477D1 /* Sources */ = {
			isa = PBXSourcesBuildPhase;
			buildActionMask = 2147483647;
			files = (
				FAF0F04C2BD8ECDD007477D1 /* sample_swiftUIUITestsLaunchTests.swift in Sources */,
				FAF0F04A2BD8ECDD007477D1 /* sample_swiftUIUITests.swift in Sources */,
			);
			runOnlyForDeploymentPostprocessing = 0;
		};
/* End PBXSourcesBuildPhase section */

/* Begin PBXTargetDependency section */
		FAF0F03D2BD8ECDD007477D1 /* PBXTargetDependency */ = {
			isa = PBXTargetDependency;
			target = FAF0F02A2BD8ECDB007477D1 /* sample_swiftUI */;
			targetProxy = FAF0F03C2BD8ECDD007477D1 /* PBXContainerItemProxy */;
		};
		FAF0F0472BD8ECDD007477D1 /* PBXTargetDependency */ = {
			isa = PBXTargetDependency;
			target = FAF0F02A2BD8ECDB007477D1 /* sample_swiftUI */;
			targetProxy = FAF0F0462BD8ECDD007477D1 /* PBXContainerItemProxy */;
		};
/* End PBXTargetDependency section */

/* Begin XCBuildConfiguration section */
		FAF0F04D2BD8ECDD007477D1 /* Debug */ = {
			isa = XCBuildConfiguration;
			buildSettings = {
				ALWAYS_SEARCH_USER_PATHS = NO;
				ASSETCATALOG_COMPILER_GENERATE_SWIFT_ASSET_SYMBOL_EXTENSIONS = YES;
				CLANG_ANALYZER_NONNULL = YES;
				CLANG_ANALYZER_NUMBER_OBJECT_CONVERSION = YES_AGGRESSIVE;
				CLANG_CXX_LANGUAGE_STANDARD = "gnu++20";
				CLANG_ENABLE_MODULES = YES;
				CLANG_ENABLE_OBJC_ARC = YES;
				CLANG_ENABLE_OBJC_WEAK = YES;
				CLANG_WARN_BLOCK_CAPTURE_AUTORELEASING = YES;
				CLANG_WARN_BOOL_CONVERSION = YES;
				CLANG_WARN_COMMA = YES;
				CLANG_WARN_CONSTANT_CONVERSION = YES;
				CLANG_WARN_DEPRECATED_OBJC_IMPLEMENTATIONS = YES;
				CLANG_WARN_DIRECT_OBJC_ISA_USAGE = YES_ERROR;
				CLANG_WARN_DOCUMENTATION_COMMENTS = YES;
				CLANG_WARN_EMPTY_BODY = YES;
				CLANG_WARN_ENUM_CONVERSION = YES;
				CLANG_WARN_INFINITE_RECURSION = YES;
				CLANG_WARN_INT_CONVERSION = YES;
				CLANG_WARN_NON_LITERAL_NULL_CONVERSION = YES;
				CLANG_WARN_OBJC_IMPLICIT_RETAIN_SELF = YES;
				CLANG_WARN_OBJC_LITERAL_CONVERSION = YES;
				CLANG_WARN_OBJC_ROOT_CLASS = YES_ERROR;
				CLANG_WARN_QUOTED_INCLUDE_IN_FRAMEWORK_HEADER = YES;
				CLANG_WARN_RANGE_LOOP_ANALYSIS = YES;
				CLANG_WARN_STRICT_PROTOTYPES = YES;
				CLANG_WARN_SUSPICIOUS_MOVE = YES;
				CLANG_WARN_UNGUARDED_AVAILABILITY = YES_AGGRESSIVE;
				CLANG_WARN_UNREACHABLE_CODE = YES;
				CLANG_WARN__DUPLICATE_METHOD_MATCH = YES;
				COPY_PHASE_STRIP = NO;
				DEBUG_INFORMATION_FORMAT = dwarf;
				ENABLE_STRICT_OBJC_MSGSEND = YES;
				ENABLE_TESTABILITY = YES;
				ENABLE_USER_SCRIPT_SANDBOXING = YES;
				GCC_C_LANGUAGE_STANDARD = gnu17;
				GCC_DYNAMIC_NO_PIC = NO;
				GCC_NO_COMMON_BLOCKS = YES;
				GCC_OPTIMIZATION_LEVEL = 0;
				GCC_PREPROCESSOR_DEFINITIONS = (
					"DEBUG=1",
					"$(inherited)",
				);
				GCC_WARN_64_TO_32_BIT_CONVERSION = YES;
				GCC_WARN_ABOUT_RETURN_TYPE = YES_ERROR;
				GCC_WARN_UNDECLARED_SELECTOR = YES;
				GCC_WARN_UNINITIALIZED_AUTOS = YES_AGGRESSIVE;
				GCC_WARN_UNUSED_FUNCTION = YES;
				GCC_WARN_UNUSED_VARIABLE = YES;
				IPHONEOS_DEPLOYMENT_TARGET = 17.0;
				LOCALIZATION_PREFERS_STRING_CATALOGS = YES;
				MTL_ENABLE_DEBUG_INFO = INCLUDE_SOURCE;
				MTL_FAST_MATH = YES;
				ONLY_ACTIVE_ARCH = YES;
				SDKROOT = iphoneos;
				SWIFT_ACTIVE_COMPILATION_CONDITIONS = "DEBUG $(inherited)";
				SWIFT_OPTIMIZATION_LEVEL = "-Onone";
			};
			name = Debug;
		};
		FAF0F04E2BD8ECDD007477D1 /* Release */ = {
			isa = XCBuildConfiguration;
			buildSettings = {
				ALWAYS_SEARCH_USER_PATHS = NO;
				ASSETCATALOG_COMPILER_GENERATE_SWIFT_ASSET_SYMBOL_EXTENSIONS = YES;
				CLANG_ANALYZER_NONNULL = YES;
				CLANG_ANALYZER_NUMBER_OBJECT_CONVERSION = YES_AGGRESSIVE;
				CLANG_CXX_LANGUAGE_STANDARD = "gnu++20";
				CLANG_ENABLE_MODULES = YES;
				CLANG_ENABLE_OBJC_ARC = YES;
				CLANG_ENABLE_OBJC_WEAK = YES;
				CLANG_WARN_BLOCK_CAPTURE_AUTORELEASING = YES;
				CLANG_WARN_BOOL_CONVERSION = YES;
				CLANG_WARN_COMMA = YES;
				CLANG_WARN_CONSTANT_CONVERSION = YES;
				CLANG_WARN_DEPRECATED_OBJC_IMPLEMENTATIONS = YES;
				CLANG_WARN_DIRECT_OBJC_ISA_USAGE = YES_ERROR;
				CLANG_WARN_DOCUMENTATION_COMMENTS = YES;
				CLANG_WARN_EMPTY_BODY = YES;
				CLANG_WARN_ENUM_CONVERSION = YES;
				CLANG_WARN_INFINITE_RECURSION = YES;
				CLANG_WARN_INT_CONVERSION = YES;
				CLANG_WARN_NON_LITERAL_NULL_CONVERSION = YES;
				CLANG_WARN_OBJC_IMPLICIT_RETAIN_SELF = YES;
				CLANG_WARN_OBJC_LITERAL_CONVERSION = YES;
				CLANG_WARN_OBJC_ROOT_CLASS = YES_ERROR;
				CLANG_WARN_QUOTED_INCLUDE_IN_FRAMEWORK_HEADER = YES;
				CLANG_WARN_RANGE_LOOP_ANALYSIS = YES;
				CLANG_WARN_STRICT_PROTOTYPES = YES;
				CLANG_WARN_SUSPICIOUS_MOVE = YES;
				CLANG_WARN_UNGUARDED_AVAILABILITY = YES_AGGRESSIVE;
				CLANG_WARN_UNREACHABLE_CODE = YES;
				CLANG_WARN__DUPLICATE_METHOD_MATCH = YES;
				COPY_PHASE_STRIP = NO;
				DEBUG_INFORMATION_FORMAT = "dwarf-with-dsym";
				ENABLE_NS_ASSERTIONS = NO;
				ENABLE_STRICT_OBJC_MSGSEND = YES;
				ENABLE_USER_SCRIPT_SANDBOXING = YES;
				GCC_C_LANGUAGE_STANDARD = gnu17;
				GCC_NO_COMMON_BLOCKS = YES;
				GCC_WARN_64_TO_32_BIT_CONVERSION = YES;
				GCC_WARN_ABOUT_RETURN_TYPE = YES_ERROR;
				GCC_WARN_UNDECLARED_SELECTOR = YES;
				GCC_WARN_UNINITIALIZED_AUTOS = YES_AGGRESSIVE;
				GCC_WARN_UNUSED_FUNCTION = YES;
				GCC_WARN_UNUSED_VARIABLE = YES;
				IPHONEOS_DEPLOYMENT_TARGET = 17.0;
				LOCALIZATION_PREFERS_STRING_CATALOGS = YES;
				MTL_ENABLE_DEBUG_INFO = NO;
				MTL_FAST_MATH = YES;
				SDKROOT = iphoneos;
				SWIFT_COMPILATION_MODE = wholemodule;
				VALIDATE_PRODUCT = YES;
			};
			name = Release;
		};
		FAF0F0502BD8ECDD007477D1 /* Debug */ = {
			isa = XCBuildConfiguration;
			buildSettings = {
				ASSETCATALOG_COMPILER_APPICON_NAME = AppIcon;
				ASSETCATALOG_COMPILER_GLOBAL_ACCENT_COLOR_NAME = AccentColor;
				CODE_SIGN_STYLE = Automatic;
				CURRENT_PROJECT_VERSION = 1;
				DEVELOPMENT_ASSET_PATHS = "\"sample_swiftUI/Preview Content\"";
				ENABLE_PREVIEWS = YES;
				GENERATE_INFOPLIST_FILE = YES;
				INFOPLIST_KEY_UIApplicationSceneManifest_Generation = YES;
				INFOPLIST_KEY_UIApplicationSupportsIndirectInputEvents = YES;
				INFOPLIST_KEY_UILaunchScreen_Generation = YES;
				INFOPLIST_KEY_UISupportedInterfaceOrientations_iPad = "UIInterfaceOrientationPortrait UIInterfaceOrientationPortraitUpsideDown UIInterfaceOrientationLandscapeLeft UIInterfaceOrientationLandscapeRight";
				INFOPLIST_KEY_UISupportedInterfaceOrientations_iPhone = "UIInterfaceOrientationPortrait UIInterfaceOrientationLandscapeLeft UIInterfaceOrientationLandscapeRight";
				LD_RUNPATH_SEARCH_PATHS = (
					"$(inherited)",
					"@executable_path/Frameworks",
				);
				MARKETING_VERSION = 1.0;
				PRODUCT_BUNDLE_IDENTIFIER = "Poldi.sample-swiftUI";
				PRODUCT_NAME = "$(TARGET_NAME)";
				SWIFT_EMIT_LOC_STRINGS = YES;
				SWIFT_VERSION = 5.0;
				TARGETED_DEVICE_FAMILY = "1,2";
			};
			name = Debug;
		};
		FAF0F0512BD8ECDD007477D1 /* Release */ = {
			isa = XCBuildConfiguration;
			buildSettings = {
				ASSETCATALOG_COMPILER_APPICON_NAME = AppIcon;
				ASSETCATALOG_COMPILER_GLOBAL_ACCENT_COLOR_NAME = AccentColor;
				CODE_SIGN_STYLE = Automatic;
				CURRENT_PROJECT_VERSION = 1;
				DEVELOPMENT_ASSET_PATHS = "\"sample_swiftUI/Preview Content\"";
				ENABLE_PREVIEWS = YES;
				GENERATE_INFOPLIST_FILE = YES;
				INFOPLIST_KEY_UIApplicationSceneManifest_Generation = YES;
				INFOPLIST_KEY_UIApplicationSupportsIndirectInputEvents = YES;
				INFOPLIST_KEY_UILaunchScreen_Generation = YES;
				INFOPLIST_KEY_UISupportedInterfaceOrientations_iPad = "UIInterfaceOrientationPortrait UIInterfaceOrientationPortraitUpsideDown UIInterfaceOrientationLandscapeLeft UIInterfaceOrientationLandscapeRight";
				INFOPLIST_KEY_UISupportedInterfaceOrientations_iPhone = "UIInterfaceOrientationPortrait UIInterfaceOrientationLandscapeLeft UIInterfaceOrientationLandscapeRight";
				LD_RUNPATH_SEARCH_PATHS = (
					"$(inherited)",
					"@executable_path/Frameworks",
				);
				MARKETING_VERSION = 1.0;
				PRODUCT_BUNDLE_IDENTIFIER = "Poldi.sample-swiftUI";
				PRODUCT_NAME = "$(TARGET_NAME)";
				SWIFT_EMIT_LOC_STRINGS = YES;
				SWIFT_VERSION = 5.0;
				TARGETED_DEVICE_FAMILY = "1,2";
			};
			name = Release;
		};
		FAF0F0532BD8ECDD007477D1 /* Debug */ = {
			isa = XCBuildConfiguration;
			buildSettings = {
				ALWAYS_EMBED_SWIFT_STANDARD_LIBRARIES = YES;
				BUNDLE_LOADER = "$(TEST_HOST)";
				CODE_SIGN_STYLE = Automatic;
				CURRENT_PROJECT_VERSION = 1;
				GENERATE_INFOPLIST_FILE = YES;
				IPHONEOS_DEPLOYMENT_TARGET = 17.0;
				MARKETING_VERSION = 1.0;
				PRODUCT_BUNDLE_IDENTIFIER = "Poldi.sample-swiftUITests";
				PRODUCT_NAME = "$(TARGET_NAME)";
				SWIFT_EMIT_LOC_STRINGS = NO;
				SWIFT_VERSION = 5.0;
				TARGETED_DEVICE_FAMILY = "1,2";
				TEST_HOST = "$(BUILT_PRODUCTS_DIR)/sample_swiftUI.app/$(BUNDLE_EXECUTABLE_FOLDER_PATH)/sample_swiftUI";
			};
			name = Debug;
		};
		FAF0F0542BD8ECDD007477D1 /* Release */ = {
			isa = XCBuildConfiguration;
			buildSettings = {
				ALWAYS_EMBED_SWIFT_STANDARD_LIBRARIES = YES;
				BUNDLE_LOADER = "$(TEST_HOST)";
				CODE_SIGN_STYLE = Automatic;
				CURRENT_PROJECT_VERSION = 1;
				GENERATE_INFOPLIST_FILE = YES;
				IPHONEOS_DEPLOYMENT_TARGET = 17.0;
				MARKETING_VERSION = 1.0;
				PRODUCT_BUNDLE_IDENTIFIER = "Poldi.sample-swiftUITests";
				PRODUCT_NAME = "$(TARGET_NAME)";
				SWIFT_EMIT_LOC_STRINGS = NO;
				SWIFT_VERSION = 5.0;
				TARGETED_DEVICE_FAMILY = "1,2";
				TEST_HOST = "$(BUILT_PRODUCTS_DIR)/sample_swiftUI.app/$(BUNDLE_EXECUTABLE_FOLDER_PATH)/sample_swiftUI";
			};
			name = Release;
		};
		FAF0F0562BD8ECDD007477D1 /* Debug */ = {
			isa = XCBuildConfiguration;
			buildSettings = {
				ALWAYS_EMBED_SWIFT_STANDARD_LIBRARIES = YES;
				CODE_SIGN_STYLE = Automatic;
				CURRENT_PROJECT_VERSION = 1;
				GENERATE_INFOPLIST_FILE = YES;
				MARKETING_VERSION = 1.0;
				PRODUCT_BUNDLE_IDENTIFIER = "Poldi.sample-swiftUIUITests";
				PRODUCT_NAME = "$(TARGET_NAME)";
				SWIFT_EMIT_LOC_STRINGS = NO;
				SWIFT_VERSION = 5.0;
				TARGETED_DEVICE_FAMILY = "1,2";
				TEST_TARGET_NAME = sample_swiftUI;
			};
			name = Debug;
		};
		FAF0F0572BD8ECDD007477D1 /* Release */ = {
			isa = XCBuildConfiguration;
			buildSettings = {
				ALWAYS_EMBED_SWIFT_STANDARD_LIBRARIES = YES;
				CODE_SIGN_STYLE = Automatic;
				CURRENT_PROJECT_VERSION = 1;
				GENERATE_INFOPLIST_FILE = YES;
				MARKETING_VERSION = 1.0;
				PRODUCT_BUNDLE_IDENTIFIER = "Poldi.sample-swiftUIUITests";
				PRODUCT_NAME = "$(TARGET_NAME)";
				SWIFT_EMIT_LOC_STRINGS = NO;
				SWIFT_VERSION = 5.0;
				TARGETED_DEVICE_FAMILY = "1,2";
				TEST_TARGET_NAME = sample_swiftUI;
			};
			name = Release;
		};
/* End XCBuildConfiguration section */

/* Begin XCConfigurationList section */
		FAF0F0262BD8ECDB007477D1 /* Build configuration list for PBXProject "sample_swiftUI" */ = {
			isa = XCConfigurationList;
			buildConfigurations = (
				FAF0F04D2BD8ECDD007477D1 /* Debug */,
				FAF0F04E2BD8ECDD007477D1 /* Release */,
			);
			defaultConfigurationIsVisible = 0;
			defaultConfigurationName = Release;
		};
		FAF0F04F2BD8ECDD007477D1 /* Build configuration list for PBXNativeTarget "sample_swiftUI" */ = {
			isa = XCConfigurationList;
			buildConfigurations = (
				FAF0F0502BD8ECDD007477D1 /* Debug */,
				FAF0F0512BD8ECDD007477D1 /* Release */,
			);
			defaultConfigurationIsVisible = 0;
			defaultConfigurationName = Release;
		};
		FAF0F0522BD8ECDD007477D1 /* Build configuration list for PBXNativeTarget "sample_swiftUITests" */ = {
			isa = XCConfigurationList;
			buildConfigurations = (
				FAF0F0532BD8ECDD007477D1 /* Debug */,
				FAF0F0542BD8ECDD007477D1 /* Release */,
			);
			defaultConfigurationIsVisible = 0;
			defaultConfigurationName = Release;
		};
		FAF0F0552BD8ECDD007477D1 /* Build configuration list for PBXNativeTarget "sample_swiftUIUITests" */ = {
			isa = XCConfigurationList;
			buildConfigurations = (
				FAF0F0562BD8ECDD007477D1 /* Debug */,
				FAF0F0572BD8ECDD007477D1 /* Release */,
			);
			defaultConfigurationIsVisible = 0;
			defaultConfigurationName = Release;
		};
/* End XCConfigurationList section */
	};
	rootObject = FAF0F0232BD8ECDB007477D1 /* Project object */;
}
